PODS:
  - MMTabBarAnimation (0.2.9)

DEPENDENCIES:
  - MMTabBarAnimation (from `../`)

EXTERNAL SOURCES:
  MMTabBarAnimation:
    :path: "../"

SPEC CHECKSUMS:
  MMTabBarAnimation: 16e0e14f3495828cb9f241ef6da4278e22994adf

PODFILE CHECKSUM: e3deec639a90cd6e74abf19ab386a423784b445a

COCOAPODS: 1.5.3
